
Microsoft Visual Studio Solution File, Format Version 12.00
# Visual Studio 15
VisualStudioVersion = 15.0.28307.1913
MinimumVisualStudioVersion = 10.0.40219.1
Project("{FAE04EC0-301F-11D3-BF4B-00C04F79EFBC}") = "Embedded_Database", "Embedded_Database\Embedded_Database.csproj", "{56C86037-F51E-4D08-93A8-89C081DC15C4}"
EndProject
Global
	GlobalSection(SolutionConfigurationPlatforms) = preSolution
		Debug|Any CPU = Debug|Any CPU
		Release|Any CPU = Release|Any CPU
	EndGlobalSection
	GlobalSection(ProjectConfigurationPlatforms) = postSolution
		{56C86037-F51E-4D08-93A8-89C081DC15C4}.Debug|Any CPU.ActiveCfg = Debug|Any CPU
		{56C86037-F51E-4D08-93A8-89C081DC15C4}.Debug|Any CPU.Build.0 = Debug|Any CPU
		{56C86037-F51E-4D08-93A8-89C081DC15C4}.Release|Any CPU.ActiveCfg = Release|Any CPU
		{56C86037-F51E-4D08-93A8-89C081DC15C4}.Release|Any CPU.Build.0 = Release|Any CPU
	EndGlobalSection
	GlobalSection(SolutionProperties) = preSolution
		HideSolutionNode = FALSE
	EndGlobalSection
	GlobalSection(ExtensibilityGlobals) = postSolution
		SolutionGuid = {45430AF9-B83E-49E0-8329-77CE230ADBCA}
	EndGlobalSection
EndGlobal
